
Microsoft Visual Studio Solution File, Format Version 12.00
# Visual Studio Version 17
VisualStudioVersion = 17.11.35327.3
MinimumVisualStudioVersion = 10.0.40219.1
Project("{9A19103F-16F7-4668-BE54-9A1E7A4F7556}") = "CrazyArcade_Server", "CrazyArcade_Server\CrazyArcade_Server.csproj", "{3C3E88A0-1A07-42CD-A32E-A82890E07D60}"
EndProject
Project("{9A19103F-16F7-4668-BE54-9A1E7A4F7556}") = "ServerCore", "ServerCore\ServerCore.csproj", "{C8648E65-FD82-4067-9150-AE1A2ABFEAA6}"
EndProject
Project("{2150E333-8FDC-42A3-9474-1A3956D46DE8}") = "Tools", "Tools", "{4AA0826E-3EEC-47B2-8659-E1C0B1B8A243}"
EndProject
Project("{9A19103F-16F7-4668-BE54-9A1E7A4F7556}") = "PacketGenerator", "PacketGenerator\PacketGenerator.csproj", "{37E285B1-A737-481F-8154-30E87B942E73}"
EndProject
Global
	GlobalSection(SolutionConfigurationPlatforms) = preSolution
		Debug|Any CPU = Debug|Any CPU
		Release|Any CPU = Release|Any CPU
	EndGlobalSection
	GlobalSection(ProjectConfigurationPlatforms) = postSolution
		{3C3E88A0-1A07-42CD-A32E-A82890E07D60}.Debug|Any CPU.ActiveCfg = Debug|Any CPU
		{3C3E88A0-1A07-42CD-A32E-A82890E07D60}.Debug|Any CPU.Build.0 = Debug|Any CPU
		{3C3E88A0-1A07-42CD-A32E-A82890E07D60}.Release|Any CPU.ActiveCfg = Release|Any CPU
		{3C3E88A0-1A07-42CD-A32E-A82890E07D60}.Release|Any CPU.Build.0 = Release|Any CPU
		{C8648E65-FD82-4067-9150-AE1A2ABFEAA6}.Debug|Any CPU.ActiveCfg = Debug|Any CPU
		{C8648E65-FD82-4067-9150-AE1A2ABFEAA6}.Debug|Any CPU.Build.0 = Debug|Any CPU
		{C8648E65-FD82-4067-9150-AE1A2ABFEAA6}.Release|Any CPU.ActiveCfg = Release|Any CPU
		{C8648E65-FD82-4067-9150-AE1A2ABFEAA6}.Release|Any CPU.Build.0 = Release|Any CPU
		{37E285B1-A737-481F-8154-30E87B942E73}.Debug|Any CPU.ActiveCfg = Debug|Any CPU
		{37E285B1-A737-481F-8154-30E87B942E73}.Debug|Any CPU.Build.0 = Debug|Any CPU
		{37E285B1-A737-481F-8154-30E87B942E73}.Release|Any CPU.ActiveCfg = Release|Any CPU
		{37E285B1-A737-481F-8154-30E87B942E73}.Release|Any CPU.Build.0 = Release|Any CPU
	EndGlobalSection
	GlobalSection(SolutionProperties) = preSolution
		HideSolutionNode = FALSE
	EndGlobalSection
	GlobalSection(NestedProjects) = preSolution
		{37E285B1-A737-481F-8154-30E87B942E73} = {4AA0826E-3EEC-47B2-8659-E1C0B1B8A243}
	EndGlobalSection
	GlobalSection(ExtensibilityGlobals) = postSolution
		SolutionGuid = {F578D6DC-FA58-4C5D-9945-A2B4AA55A555}
	EndGlobalSection
EndGlobal
